
Microsoft Visual Studio Solution File, Format Version 12.00
# Visual Studio Version 17
VisualStudioVersion = 17.6.33829.357
MinimumVisualStudioVersion = 10.0.40219.1
Project("{8BC9CEB8-8B4A-11D0-8D11-00A0C91BC942}") = "main", "main.vcxproj", "{B5CBC777-378A-4518-A796-B1B1BFD562E4}"
EndProject
Project("{8BC9CEB8-8B4A-11D0-8D11-00A0C91BC942}") = "WORLD", "WORLD.vcxproj", "{592403EB-AC04-410D-AC15-7C7217CB8C5F}"
EndProject
Project("{8BC9CEB8-8B4A-11D0-8D11-00A0C91BC942}") = "weap_sounds", "weap_sounds.vcxproj", "{5EA377A0-E1CE-4F97-82E3-2D11B4DEEE20}"
EndProject
Project("{8BC9CEB8-8B4A-11D0-8D11-00A0C91BC942}") = "vigilante", "vigilante.vcxproj", "{8806A043-B278-4507-B64D-2FA56B5A2253}"
EndProject
Project("{8BC9CEB8-8B4A-11D0-8D11-00A0C91BC942}") = "traffic", "traffic.vcxproj", "{EAA19518-111A-4E39-880C-FCBC7965F0C6}"
EndProject
Project("{8BC9CEB8-8B4A-11D0-8D11-00A0C91BC942}") = "taxi", "taxi.vcxproj", "{2BAFD1EC-CFC7-4519-9353-5FE370A66BC3}"
EndProject
Project("{8BC9CEB8-8B4A-11D0-8D11-00A0C91BC942}") = "sunshine_race", "sunshine_race.vcxproj", "{35E25676-6598-40B3-8C7F-50653B947D0D}"
EndProject
Project("{8BC9CEB8-8B4A-11D0-8D11-00A0C91BC942}") = "sunshine_garages", "sunshine_garages.vcxproj", "{A89CDEB2-E387-439E-9B45-ECD9404DEE26}"
EndProject
Project("{8BC9CEB8-8B4A-11D0-8D11-00A0C91BC942}") = "STRIP", "STRIP.vcxproj", "{D3C78740-A70B-4683-86E7-C832FAF999FB}"
EndProject
Project("{8BC9CEB8-8B4A-11D0-8D11-00A0C91BC942}") = "street_phone", "street_phone.vcxproj", "{5EA72C89-CC6C-4329-8715-74215EE133AB}"
EndProject
Project("{8BC9CEB8-8B4A-11D0-8D11-00A0C91BC942}") = "startup", "startup.vcxproj", "{D5DC2F20-7F7C-465F-85E1-65D722204245}"
EndProject
Project("{8BC9CEB8-8B4A-11D0-8D11-00A0C91BC942}") = "stadium", "stadium.vcxproj", "{6C143390-2DFB-4918-A24C-547AFB8161DB}"
EndProject
Project("{8BC9CEB8-8B4A-11D0-8D11-00A0C91BC942}") = "side_quests", "side_quests.vcxproj", "{4EC5D927-B594-48ED-8B3B-78CDB533E9CC}"
EndProject
Project("{8BC9CEB8-8B4A-11D0-8D11-00A0C91BC942}") = "sa_race6", "sa_race6.vcxproj", "{221E25AB-F0E9-41F9-917C-721EC201DFEE}"
EndProject
Project("{8BC9CEB8-8B4A-11D0-8D11-00A0C91BC942}") = "sa_race5", "sa_race5.vcxproj", "{9AEE78A2-9466-4D41-865F-D0024788E466}"
EndProject
Project("{8BC9CEB8-8B4A-11D0-8D11-00A0C91BC942}") = "sa_race4", "sa_race4.vcxproj", "{010E2A63-89AC-40FE-B156-235C1ACF199E}"
EndProject
Project("{8BC9CEB8-8B4A-11D0-8D11-00A0C91BC942}") = "sa_race3", "sa_race3.vcxproj", "{28378474-2C35-4CB7-82FE-076B25A6B65C}"
EndProject
Project("{8BC9CEB8-8B4A-11D0-8D11-00A0C91BC942}") = "sa_race2", "sa_race2.vcxproj", "{5315096A-DBAE-4748-88CC-50F3C0DCEC43}"
EndProject
Project("{8BC9CEB8-8B4A-11D0-8D11-00A0C91BC942}") = "sa_race1", "sa_race1.vcxproj", "{C0AEA4D7-51BD-4B4C-9DFF-BEEE6703317F}"
EndProject
Project("{8BC9CEB8-8B4A-11D0-8D11-00A0C91BC942}") = "ROCK", "ROCK.vcxproj", "{FDD7FCDD-0E53-4C78-BA12-315DA364EC79}"
EndProject
Project("{8BC9CEB8-8B4A-11D0-8D11-00A0C91BC942}") = "rcrace", "rcrace.vcxproj", "{F9D8A73E-1F22-4BA6-9775-1AD222288AB0}"
EndProject
Project("{8BC9CEB8-8B4A-11D0-8D11-00A0C91BC942}") = "rcplne", "rcplne.vcxproj", "{AAB8AFB0-9148-4258-9AB7-4720D0162674}"
EndProject
Project("{8BC9CEB8-8B4A-11D0-8D11-00A0C91BC942}") = "rcheli", "rcheli.vcxproj", "{338C60F8-1CFE-4A02-B81F-44B01AEDBC6A}"
EndProject
Project("{8BC9CEB8-8B4A-11D0-8D11-00A0C91BC942}") = "puzzle", "puzzle.vcxproj", "{9F791057-5F37-4395-93D5-05A23AE20FB7}"
EndProject
Project("{8BC9CEB8-8B4A-11D0-8D11-00A0C91BC942}") = "PROTECT", "PROTECT.vcxproj", "{B1E1AB16-2D59-404F-9955-5772178E2312}"
EndProject
Project("{8BC9CEB8-8B4A-11D0-8D11-00A0C91BC942}") = "PRON", "PRON.vcxproj", "{3B4FAE50-3C7F-422D-B80F-B4B7FC47AA64}"
EndProject
Project("{8BC9CEB8-8B4A-11D0-8D11-00A0C91BC942}") = "pizza", "pizza.vcxproj", "{8A1BB5CA-91C2-4EE9-969E-066E62A61A30}"
EndProject
Project("{8BC9CEB8-8B4A-11D0-8D11-00A0C91BC942}") = "pickups", "pickups.vcxproj", "{90B44436-AF00-40D9-BF55-6A79A5884A93}"
EndProject
Project("{8BC9CEB8-8B4A-11D0-8D11-00A0C91BC942}") = "PHIL", "PHIL.vcxproj", "{1B3A068A-CBBB-4E47-8997-CF0F20A64EE7}"
EndProject
Project("{8BC9CEB8-8B4A-11D0-8D11-00A0C91BC942}") = "pcj", "pcj.vcxproj", "{502CF182-486B-44AB-A462-64E18F4B942E}"
EndProject
Project("{8BC9CEB8-8B4A-11D0-8D11-00A0C91BC942}") = "packages", "packages.vcxproj", "{89A54E59-B3DC-4BD9-9470-12DB1B63547D}"
EndProject
Project("{8BC9CEB8-8B4A-11D0-8D11-00A0C91BC942}") = "ovalring", "ovalring.vcxproj", "{3EB36EC5-D1B2-4B04-9C02-6DB4B90C704A}"
EndProject
Project("{8BC9CEB8-8B4A-11D0-8D11-00A0C91BC942}") = "no_save_script", "no_save_script.vcxproj", "{74EB4072-FE6F-4304-85F1-99DADCB3BFF6}"
EndProject
Project("{8BC9CEB8-8B4A-11D0-8D11-00A0C91BC942}") = "mob_phone", "mob_phone.vcxproj", "{7DE486AF-ED82-44C0-8D4A-A11EAEA9DB86}"
EndProject
Project("{8BC9CEB8-8B4A-11D0-8D11-00A0C91BC942}") = "map_bounds", "map_bounds.vcxproj", "{50CE784C-B7F6-474B-99AB-A316330BDEBE}"
EndProject
Project("{8BC9CEB8-8B4A-11D0-8D11-00A0C91BC942}") = "MALIBU", "MALIBU.vcxproj", "{ECC8881C-26CB-49F0-9D22-CF4F5BCCCA03}"
EndProject
Project("{8BC9CEB8-8B4A-11D0-8D11-00A0C91BC942}") = "LAWYER", "LAWYER.vcxproj", "{9621D521-E0F3-4C43-BA1A-C24A5047DF71}"
EndProject
Project("{8BC9CEB8-8B4A-11D0-8D11-00A0C91BC942}") = "kickstart", "kickstart.vcxproj", "{326454EE-E750-45AC-9010-AA4EA9D6617E}"
EndProject
Project("{8BC9CEB8-8B4A-11D0-8D11-00A0C91BC942}") = "KAUFMAN", "KAUFMAN.vcxproj", "{7C8CDFCB-EC81-42C9-B0BD-AF105D443976}"
EndProject
Project("{8BC9CEB8-8B4A-11D0-8D11-00A0C91BC942}") = "intro", "intro.vcxproj", "{370DBE6E-F0D7-4C48-9AF2-3BF25C4EE7A0}"
EndProject
Project("{8BC9CEB8-8B4A-11D0-8D11-00A0C91BC942}") = "ICECREAM", "ICECREAM.vcxproj", "{5C729CBF-0ED0-41BA-B552-1AAD9EDF903E}"
EndProject
Project("{8BC9CEB8-8B4A-11D0-8D11-00A0C91BC942}") = "heli", "heli.vcxproj", "{330C9818-7456-4656-8625-98954A6AB1D9}"
EndProject
Project("{8BC9CEB8-8B4A-11D0-8D11-00A0C91BC942}") = "HAITI", "HAITI.vcxproj", "{0F20421A-6C20-467C-B7D4-93D279423360}"
EndProject
Project("{8BC9CEB8-8B4A-11D0-8D11-00A0C91BC942}") = "firetruck", "firetruck.vcxproj", "{32C2075D-9C3F-4347-B44C-01CB4EFB27F8}"
EndProject
Project("{8BC9CEB8-8B4A-11D0-8D11-00A0C91BC942}") = "DIAZ", "DIAZ.vcxproj", "{FF28D1E5-27AC-4D04-B903-E51BDEB5DE1C}"
EndProject
Project("{8BC9CEB8-8B4A-11D0-8D11-00A0C91BC942}") = "CUBAN", "CUBAN.vcxproj", "{CD3A5EC9-D365-4A14-BC9B-227647FAB1DA}"
EndProject
Project("{8BC9CEB8-8B4A-11D0-8D11-00A0C91BC942}") = "COUNT", "COUNT.vcxproj", "{33D68184-D198-4108-9778-20AEE00032A3}"
EndProject
Project("{8BC9CEB8-8B4A-11D0-8D11-00A0C91BC942}") = "CORTEZ", "CORTEZ.vcxproj", "{727D1562-D83D-4286-8451-7B33B4F89516}"
EndProject
Project("{8BC9CEB8-8B4A-11D0-8D11-00A0C91BC942}") = "conecrazy", "conecrazy.vcxproj", "{DD320261-85EE-4AE9-BB3D-D43E8A077F77}"
EndProject
Project("{8BC9CEB8-8B4A-11D0-8D11-00A0C91BC942}") = "COKERUN", "COKERUN.vcxproj", "{ECA4EBA8-C719-4364-B30A-EBF67D39FF82}"
EndProject
Project("{8BC9CEB8-8B4A-11D0-8D11-00A0C91BC942}") = "business_sale", "business_sale.vcxproj", "{3E038971-E9E8-465E-A5D2-0D8EE5F68627}"
EndProject
Project("{8BC9CEB8-8B4A-11D0-8D11-00A0C91BC942}") = "bmx", "bmx.vcxproj", "{335E7D47-7C52-4392-AF92-3C4D1A22EF53}"
EndProject
Project("{8BC9CEB8-8B4A-11D0-8D11-00A0C91BC942}") = "bloodring", "bloodring.vcxproj", "{6AAE6690-757A-41F7-AA0F-5B0CCA9890FC}"
EndProject
Project("{8BC9CEB8-8B4A-11D0-8D11-00A0C91BC942}") = "BIKE", "BIKE.vcxproj", "{2AD6F903-4374-45F4-9936-F01B76952C2B}"
EndProject
Project("{8BC9CEB8-8B4A-11D0-8D11-00A0C91BC942}") = "AVERY", "AVERY.vcxproj", "{EE4E00F0-0E96-4241-B96F-B175BBD4F26B}"
EndProject
Project("{8BC9CEB8-8B4A-11D0-8D11-00A0C91BC942}") = "ambulance", "ambulance.vcxproj", "{123F9912-882D-4464-9C54-342C87FFCA31}"
EndProject
Project("{8BC9CEB8-8B4A-11D0-8D11-00A0C91BC942}") = "ambstreams", "ambstreams.vcxproj", "{2888E14B-B3BF-4A68-B7FD-F80DF2995C54}"
EndProject
Global
	GlobalSection(SolutionConfigurationPlatforms) = preSolution
		sco|Win32 = sco|Win32
	EndGlobalSection
	GlobalSection(ProjectConfigurationPlatforms) = postSolution
		{B5CBC777-378A-4518-A796-B1B1BFD562E4}.sco|Win32.ActiveCfg = sco|Win32
		{B5CBC777-378A-4518-A796-B1B1BFD562E4}.sco|Win32.Build.0 = sco|Win32
		{592403EB-AC04-410D-AC15-7C7217CB8C5F}.sco|Win32.ActiveCfg = sco|Win32
		{592403EB-AC04-410D-AC15-7C7217CB8C5F}.sco|Win32.Build.0 = sco|Win32
		{5EA377A0-E1CE-4F97-82E3-2D11B4DEEE20}.sco|Win32.ActiveCfg = sco|Win32
		{5EA377A0-E1CE-4F97-82E3-2D11B4DEEE20}.sco|Win32.Build.0 = sco|Win32
		{8806A043-B278-4507-B64D-2FA56B5A2253}.sco|Win32.ActiveCfg = sco|Win32
		{8806A043-B278-4507-B64D-2FA56B5A2253}.sco|Win32.Build.0 = sco|Win32
		{EAA19518-111A-4E39-880C-FCBC7965F0C6}.sco|Win32.ActiveCfg = sco|Win32
		{EAA19518-111A-4E39-880C-FCBC7965F0C6}.sco|Win32.Build.0 = sco|Win32
		{2BAFD1EC-CFC7-4519-9353-5FE370A66BC3}.sco|Win32.ActiveCfg = sco|Win32
		{2BAFD1EC-CFC7-4519-9353-5FE370A66BC3}.sco|Win32.Build.0 = sco|Win32
		{35E25676-6598-40B3-8C7F-50653B947D0D}.sco|Win32.ActiveCfg = sco|Win32
		{35E25676-6598-40B3-8C7F-50653B947D0D}.sco|Win32.Build.0 = sco|Win32
		{A89CDEB2-E387-439E-9B45-ECD9404DEE26}.sco|Win32.ActiveCfg = sco|Win32
		{A89CDEB2-E387-439E-9B45-ECD9404DEE26}.sco|Win32.Build.0 = sco|Win32
		{D3C78740-A70B-4683-86E7-C832FAF999FB}.sco|Win32.ActiveCfg = sco|Win32
		{D3C78740-A70B-4683-86E7-C832FAF999FB}.sco|Win32.Build.0 = sco|Win32
		{5EA72C89-CC6C-4329-8715-74215EE133AB}.sco|Win32.ActiveCfg = sco|Win32
		{5EA72C89-CC6C-4329-8715-74215EE133AB}.sco|Win32.Build.0 = sco|Win32
		{D5DC2F20-7F7C-465F-85E1-65D722204245}.sco|Win32.ActiveCfg = sco|Win32
		{D5DC2F20-7F7C-465F-85E1-65D722204245}.sco|Win32.Build.0 = sco|Win32
		{6C143390-2DFB-4918-A24C-547AFB8161DB}.sco|Win32.ActiveCfg = sco|Win32
		{6C143390-2DFB-4918-A24C-547AFB8161DB}.sco|Win32.Build.0 = sco|Win32
		{4EC5D927-B594-48ED-8B3B-78CDB533E9CC}.sco|Win32.ActiveCfg = sco|Win32
		{4EC5D927-B594-48ED-8B3B-78CDB533E9CC}.sco|Win32.Build.0 = sco|Win32
		{221E25AB-F0E9-41F9-917C-721EC201DFEE}.sco|Win32.ActiveCfg = sco|Win32
		{221E25AB-F0E9-41F9-917C-721EC201DFEE}.sco|Win32.Build.0 = sco|Win32
		{9AEE78A2-9466-4D41-865F-D0024788E466}.sco|Win32.ActiveCfg = sco|Win32
		{9AEE78A2-9466-4D41-865F-D0024788E466}.sco|Win32.Build.0 = sco|Win32
		{010E2A63-89AC-40FE-B156-235C1ACF199E}.sco|Win32.ActiveCfg = sco|Win32
		{010E2A63-89AC-40FE-B156-235C1ACF199E}.sco|Win32.Build.0 = sco|Win32
		{28378474-2C35-4CB7-82FE-076B25A6B65C}.sco|Win32.ActiveCfg = sco|Win32
		{28378474-2C35-4CB7-82FE-076B25A6B65C}.sco|Win32.Build.0 = sco|Win32
		{5315096A-DBAE-4748-88CC-50F3C0DCEC43}.sco|Win32.ActiveCfg = sco|Win32
		{5315096A-DBAE-4748-88CC-50F3C0DCEC43}.sco|Win32.Build.0 = sco|Win32
		{C0AEA4D7-51BD-4B4C-9DFF-BEEE6703317F}.sco|Win32.ActiveCfg = sco|Win32
		{C0AEA4D7-51BD-4B4C-9DFF-BEEE6703317F}.sco|Win32.Build.0 = sco|Win32
		{FDD7FCDD-0E53-4C78-BA12-315DA364EC79}.sco|Win32.ActiveCfg = sco|Win32
		{FDD7FCDD-0E53-4C78-BA12-315DA364EC79}.sco|Win32.Build.0 = sco|Win32
		{F9D8A73E-1F22-4BA6-9775-1AD222288AB0}.sco|Win32.ActiveCfg = sco|Win32
		{F9D8A73E-1F22-4BA6-9775-1AD222288AB0}.sco|Win32.Build.0 = sco|Win32
		{AAB8AFB0-9148-4258-9AB7-4720D0162674}.sco|Win32.ActiveCfg = sco|Win32
		{AAB8AFB0-9148-4258-9AB7-4720D0162674}.sco|Win32.Build.0 = sco|Win32
		{338C60F8-1CFE-4A02-B81F-44B01AEDBC6A}.sco|Win32.ActiveCfg = sco|Win32
		{338C60F8-1CFE-4A02-B81F-44B01AEDBC6A}.sco|Win32.Build.0 = sco|Win32
		{9F791057-5F37-4395-93D5-05A23AE20FB7}.sco|Win32.ActiveCfg = sco|Win32
		{9F791057-5F37-4395-93D5-05A23AE20FB7}.sco|Win32.Build.0 = sco|Win32
		{B1E1AB16-2D59-404F-9955-5772178E2312}.sco|Win32.ActiveCfg = sco|Win32
		{B1E1AB16-2D59-404F-9955-5772178E2312}.sco|Win32.Build.0 = sco|Win32
		{3B4FAE50-3C7F-422D-B80F-B4B7FC47AA64}.sco|Win32.ActiveCfg = sco|Win32
		{3B4FAE50-3C7F-422D-B80F-B4B7FC47AA64}.sco|Win32.Build.0 = sco|Win32
		{8A1BB5CA-91C2-4EE9-969E-066E62A61A30}.sco|Win32.ActiveCfg = sco|Win32
		{8A1BB5CA-91C2-4EE9-969E-066E62A61A30}.sco|Win32.Build.0 = sco|Win32
		{90B44436-AF00-40D9-BF55-6A79A5884A93}.sco|Win32.ActiveCfg = sco|Win32
		{90B44436-AF00-40D9-BF55-6A79A5884A93}.sco|Win32.Build.0 = sco|Win32
		{1B3A068A-CBBB-4E47-8997-CF0F20A64EE7}.sco|Win32.ActiveCfg = sco|Win32
		{1B3A068A-CBBB-4E47-8997-CF0F20A64EE7}.sco|Win32.Build.0 = sco|Win32
		{502CF182-486B-44AB-A462-64E18F4B942E}.sco|Win32.ActiveCfg = sco|Win32
		{502CF182-486B-44AB-A462-64E18F4B942E}.sco|Win32.Build.0 = sco|Win32
		{89A54E59-B3DC-4BD9-9470-12DB1B63547D}.sco|Win32.ActiveCfg = sco|Win32
		{89A54E59-B3DC-4BD9-9470-12DB1B63547D}.sco|Win32.Build.0 = sco|Win32
		{3EB36EC5-D1B2-4B04-9C02-6DB4B90C704A}.sco|Win32.ActiveCfg = sco|Win32
		{3EB36EC5-D1B2-4B04-9C02-6DB4B90C704A}.sco|Win32.Build.0 = sco|Win32
		{74EB4072-FE6F-4304-85F1-99DADCB3BFF6}.sco|Win32.ActiveCfg = sco|Win32
		{74EB4072-FE6F-4304-85F1-99DADCB3BFF6}.sco|Win32.Build.0 = sco|Win32
		{7DE486AF-ED82-44C0-8D4A-A11EAEA9DB86}.sco|Win32.ActiveCfg = sco|Win32
		{7DE486AF-ED82-44C0-8D4A-A11EAEA9DB86}.sco|Win32.Build.0 = sco|Win32
		{50CE784C-B7F6-474B-99AB-A316330BDEBE}.sco|Win32.ActiveCfg = sco|Win32
		{50CE784C-B7F6-474B-99AB-A316330BDEBE}.sco|Win32.Build.0 = sco|Win32
		{ECC8881C-26CB-49F0-9D22-CF4F5BCCCA03}.sco|Win32.ActiveCfg = sco|Win32
		{ECC8881C-26CB-49F0-9D22-CF4F5BCCCA03}.sco|Win32.Build.0 = sco|Win32
		{9621D521-E0F3-4C43-BA1A-C24A5047DF71}.sco|Win32.ActiveCfg = sco|Win32
		{9621D521-E0F3-4C43-BA1A-C24A5047DF71}.sco|Win32.Build.0 = sco|Win32
		{326454EE-E750-45AC-9010-AA4EA9D6617E}.sco|Win32.ActiveCfg = sco|Win32
		{326454EE-E750-45AC-9010-AA4EA9D6617E}.sco|Win32.Build.0 = sco|Win32
		{7C8CDFCB-EC81-42C9-B0BD-AF105D443976}.sco|Win32.ActiveCfg = sco|Win32
		{7C8CDFCB-EC81-42C9-B0BD-AF105D443976}.sco|Win32.Build.0 = sco|Win32
		{370DBE6E-F0D7-4C48-9AF2-3BF25C4EE7A0}.sco|Win32.ActiveCfg = sco|Win32
		{370DBE6E-F0D7-4C48-9AF2-3BF25C4EE7A0}.sco|Win32.Build.0 = sco|Win32
		{5C729CBF-0ED0-41BA-B552-1AAD9EDF903E}.sco|Win32.ActiveCfg = sco|Win32
		{5C729CBF-0ED0-41BA-B552-1AAD9EDF903E}.sco|Win32.Build.0 = sco|Win32
		{330C9818-7456-4656-8625-98954A6AB1D9}.sco|Win32.ActiveCfg = sco|Win32
		{330C9818-7456-4656-8625-98954A6AB1D9}.sco|Win32.Build.0 = sco|Win32
		{0F20421A-6C20-467C-B7D4-93D279423360}.sco|Win32.ActiveCfg = sco|Win32
		{0F20421A-6C20-467C-B7D4-93D279423360}.sco|Win32.Build.0 = sco|Win32
		{32C2075D-9C3F-4347-B44C-01CB4EFB27F8}.sco|Win32.ActiveCfg = sco|Win32
		{32C2075D-9C3F-4347-B44C-01CB4EFB27F8}.sco|Win32.Build.0 = sco|Win32
		{FF28D1E5-27AC-4D04-B903-E51BDEB5DE1C}.sco|Win32.ActiveCfg = sco|Win32
		{FF28D1E5-27AC-4D04-B903-E51BDEB5DE1C}.sco|Win32.Build.0 = sco|Win32
		{CD3A5EC9-D365-4A14-BC9B-227647FAB1DA}.sco|Win32.ActiveCfg = sco|Win32
		{CD3A5EC9-D365-4A14-BC9B-227647FAB1DA}.sco|Win32.Build.0 = sco|Win32
		{33D68184-D198-4108-9778-20AEE00032A3}.sco|Win32.ActiveCfg = sco|Win32
		{33D68184-D198-4108-9778-20AEE00032A3}.sco|Win32.Build.0 = sco|Win32
		{727D1562-D83D-4286-8451-7B33B4F89516}.sco|Win32.ActiveCfg = sco|Win32
		{727D1562-D83D-4286-8451-7B33B4F89516}.sco|Win32.Build.0 = sco|Win32
		{DD320261-85EE-4AE9-BB3D-D43E8A077F77}.sco|Win32.ActiveCfg = sco|Win32
		{DD320261-85EE-4AE9-BB3D-D43E8A077F77}.sco|Win32.Build.0 = sco|Win32
		{ECA4EBA8-C719-4364-B30A-EBF67D39FF82}.sco|Win32.ActiveCfg = sco|Win32
		{ECA4EBA8-C719-4364-B30A-EBF67D39FF82}.sco|Win32.Build.0 = sco|Win32
		{3E038971-E9E8-465E-A5D2-0D8EE5F68627}.sco|Win32.ActiveCfg = sco|Win32
		{3E038971-E9E8-465E-A5D2-0D8EE5F68627}.sco|Win32.Build.0 = sco|Win32
		{335E7D47-7C52-4392-AF92-3C4D1A22EF53}.sco|Win32.ActiveCfg = sco|Win32
		{335E7D47-7C52-4392-AF92-3C4D1A22EF53}.sco|Win32.Build.0 = sco|Win32
		{6AAE6690-757A-41F7-AA0F-5B0CCA9890FC}.sco|Win32.ActiveCfg = sco|Win32
		{6AAE6690-757A-41F7-AA0F-5B0CCA9890FC}.sco|Win32.Build.0 = sco|Win32
		{2AD6F903-4374-45F4-9936-F01B76952C2B}.sco|Win32.ActiveCfg = sco|Win32
		{2AD6F903-4374-45F4-9936-F01B76952C2B}.sco|Win32.Build.0 = sco|Win32
		{EE4E00F0-0E96-4241-B96F-B175BBD4F26B}.sco|Win32.ActiveCfg = sco|Win32
		{EE4E00F0-0E96-4241-B96F-B175BBD4F26B}.sco|Win32.Build.0 = sco|Win32
		{123F9912-882D-4464-9C54-342C87FFCA31}.sco|Win32.ActiveCfg = sco|Win32
		{123F9912-882D-4464-9C54-342C87FFCA31}.sco|Win32.Build.0 = sco|Win32
		{2888E14B-B3BF-4A68-B7FD-F80DF2995C54}.sco|Win32.ActiveCfg = sco|Win32
		{2888E14B-B3BF-4A68-B7FD-F80DF2995C54}.sco|Win32.Build.0 = sco|Win32
	EndGlobalSection
	GlobalSection(SolutionProperties) = preSolution
		HideSolutionNode = FALSE
	EndGlobalSection
	GlobalSection(ExtensibilityGlobals) = postSolution
		SolutionGuid = {21B6E42E-3F2A-4672-81F4-99EEF5DA0B57}
	EndGlobalSection
EndGlobal
